// !$*UTF8*$!
{
	archiveVersion = 1;
	classes = {
	};
	objectVersion = 77;
	objects = {

/* Begin PBXBuildFile section */
		A1B2C3D41E5F678901234501 /* CommuteKit in Frameworks */ = {isa = PBXBuildFile; productRef = A1B2C3D41E5F678901234511 /* CommuteKit */; };
		A1B2C3D41E5F678901234502 /* CommuteKit in Frameworks */ = {isa = PBXBuildFile; productRef = A1B2C3D41E5F678901234512 /* CommuteKit */; };
		A1B2C3D41E5F678901234503 /* CommuteWidgets.appex in Embed Foundation Extensions */ = {isa = PBXBuildFile; fileRef = A1B2C3D41E5F678901234521 /* CommuteWidgets.appex */; settings = {ATTRIBUTES = (RemoveHeadersOnCopy, ); }; };
		A1B2C3D41E5F678901234504 /* CommuteKit in Frameworks */ = {isa = PBXBuildFile; productRef = A1B2C3D41E5F678901234513 /* CommuteKit */; };
/* End PBXBuildFile section */

/* Begin PBXContainerItemProxy section */
		39C89C4C2FC4A36F00E1F77E /* PBXContainerItemProxy */ = {
			isa = PBXContainerItemProxy;
			containerPortal = 39C89C362FC4A36E00E1F77E /* Project object */;
			proxyType = 1;
			remoteGlobalIDString = 39C89C3D2FC4A36E00E1F77E;
			remoteInfo = commute;
		};
		39C89C562FC4A36F00E1F77E /* PBXContainerItemProxy */ = {
			isa = PBXContainerItemProxy;
			containerPortal = 39C89C362FC4A36E00E1F77E /* Project object */;
			proxyType = 1;
			remoteGlobalIDString = 39C89C3D2FC4A36E00E1F77E;
			remoteInfo = commute;
		};
		A1B2C3D41E5F678901234531 /* PBXContainerItemProxy */ = {
			isa = PBXContainerItemProxy;
			containerPortal = 39C89C362FC4A36E00E1F77E /* Project object */;
			proxyType = 1;
			remoteGlobalIDString = A1B2C3D41E5F678901234541;
			remoteInfo = CommuteWidgets;
		};
/* End PBXContainerItemProxy section */

/* Begin PBXCopyFilesBuildPhase section */
		A1B2C3D41E5F678901234551 /* Embed Foundation Extensions */ = {
			isa = PBXCopyFilesBuildPhase;
			buildActionMask = 2147483647;
			dstPath = "";
			dstSubfolderSpec = 13;
			files = (
				A1B2C3D41E5F678901234503 /* CommuteWidgets.appex in Embed Foundation Extensions */,
			);
			name = "Embed Foundation Extensions";
			runOnlyForDeploymentPostprocessing = 0;
		};
/* End PBXCopyFilesBuildPhase section */

/* Begin PBXFileReference section */
		39C89C3E2FC4A36E00E1F77E /* commute.app */ = {isa = PBXFileReference; explicitFileType = wrapper.application; includeInIndex = 0; path = commute.app; sourceTree = BUILT_PRODUCTS_DIR; };
		39C89C4B2FC4A36F00E1F77E /* commuteTests.xctest */ = {isa = PBXFileReference; explicitFileType = wrapper.cfbundle; includeInIndex = 0; path = commuteTests.xctest; sourceTree = BUILT_PRODUCTS_DIR; };
		39C89C552FC4A36F00E1F77E /* commuteUITests.xctest */ = {isa = PBXFileReference; explicitFileType = wrapper.cfbundle; includeInIndex = 0; path = commuteUITests.xctest; sourceTree = BUILT_PRODUCTS_DIR; };
		A1B2C3D41E5F678901234521 /* CommuteWidgets.appex */ = {isa = PBXFileReference; explicitFileType = "wrapper.app-extension"; includeInIndex = 0; path = CommuteWidgets.appex; sourceTree = BUILT_PRODUCTS_DIR; };
/* End PBXFileReference section */

/* Begin PBXFileSystemSynchronizedRootGroup section */
		39C89C402FC4A36E00E1F77E /* commute */ = {
			isa = PBXFileSystemSynchronizedRootGroup;
			path = commute;
			sourceTree = "<group>";
		};
		39C89C4E2FC4A36F00E1F77E /* commuteTests */ = {
			isa = PBXFileSystemSynchronizedRootGroup;
			path = commuteTests;
			sourceTree = "<group>";
		};
		39C89C582FC4A36F00E1F77E /* commuteUITests */ = {
			isa = PBXFileSystemSynchronizedRootGroup;
			path = commuteUITests;
			sourceTree = "<group>";
		};
		39C89C6B2FC4A3D300E1F77E /* docs */ = {
			isa = PBXFileSystemSynchronizedRootGroup;
			path = docs;
			sourceTree = "<group>";
		};
		39C89C782FC4A50000E1F77E /* core */ = {
			isa = PBXFileSystemSynchronizedRootGroup;
			path = core;
			sourceTree = "<group>";
		};
		39C89C792FC4A50100E1F77E /* features */ = {
			isa = PBXFileSystemSynchronizedRootGroup;
			path = features;
			sourceTree = "<group>";
		};
		39C89C7A2FC4A50200E1F77E /* app */ = {
			isa = PBXFileSystemSynchronizedRootGroup;
			path = app;
			sourceTree = "<group>";
		};
		39C89C7B2FC4A50300E1F77E /* preview */ = {
			isa = PBXFileSystemSynchronizedRootGroup;
			path = preview;
			sourceTree = "<group>";
		};
		A1B2C3D41E5F678901234561 /* CommuteWidgets */ = {
			isa = PBXFileSystemSynchronizedRootGroup;
			path = CommuteWidgets;
			sourceTree = "<group>";
		};
/* End PBXFileSystemSynchronizedRootGroup section */

/* Begin PBXFrameworksBuildPhase section */
		39C89C3B2FC4A36E00E1F77E /* Frameworks */ = {
			isa = PBXFrameworksBuildPhase;
			buildActionMask = 2147483647;
			files = (
				A1B2C3D41E5F678901234501 /* CommuteKit in Frameworks */,
			);
			runOnlyForDeploymentPostprocessing = 0;
		};
		39C89C482FC4A36F00E1F77E /* Frameworks */ = {
			isa = PBXFrameworksBuildPhase;
			buildActionMask = 2147483647;
			files = (
				A1B2C3D41E5F678901234504 /* CommuteKit in Frameworks */,
			);
			runOnlyForDeploymentPostprocessing = 0;
		};
		39C89C522FC4A36F00E1F77E /* Frameworks */ = {
			isa = PBXFrameworksBuildPhase;
			buildActionMask = 2147483647;
			files = (
			);
			runOnlyForDeploymentPostprocessing = 0;
		};
		A1B2C3D41E5F678901234571 /* Frameworks */ = {
			isa = PBXFrameworksBuildPhase;
			buildActionMask = 2147483647;
			files = (
				A1B2C3D41E5F678901234502 /* CommuteKit in Frameworks */,
			);
			runOnlyForDeploymentPostprocessing = 0;
		};
/* End PBXFrameworksBuildPhase section */

/* Begin PBXGroup section */
		39C89C352FC4A36E00E1F77E = {
			isa = PBXGroup;
			children = (
				39C89C7A2FC4A50200E1F77E /* app */,
				39C89C792FC4A50100E1F77E /* features */,
				39C89C782FC4A50000E1F77E /* core */,
				39C89C7B2FC4A50300E1F77E /* preview */,
				A1B2C3D41E5F678901234561 /* CommuteWidgets */,
				39C89C4E2FC4A36F00E1F77E /* commuteTests */,
				39C89C582FC4A36F00E1F77E /* commuteUITests */,
				39C89C3F2FC4A36E00E1F77E /* Products */,
				39C89C402FC4A36E00E1F77E /* commute */,
				39C89C6B2FC4A3D300E1F77E /* docs */,
			);
			sourceTree = "<group>";
		};
		39C89C3F2FC4A36E00E1F77E /* Products */ = {
			isa = PBXGroup;
			children = (
				39C89C3E2FC4A36E00E1F77E /* commute.app */,
				39C89C4B2FC4A36F00E1F77E /* commuteTests.xctest */,
				39C89C552FC4A36F00E1F77E /* commuteUITests.xctest */,
				A1B2C3D41E5F678901234521 /* CommuteWidgets.appex */,
			);
			name = Products;
			sourceTree = "<group>";
		};
/* End PBXGroup section */

/* Begin PBXNativeTarget section */
		39C89C3D2FC4A36E00E1F77E /* commute */ = {
			isa = PBXNativeTarget;
			buildConfigurationList = 39C89C5F2FC4A36F00E1F77E /* Build configuration list for PBXNativeTarget "commute" */;
			buildPhases = (
				39C89C3A2FC4A36E00E1F77E /* Sources */,
				39C89C3B2FC4A36E00E1F77E /* Frameworks */,
				39C89C3C2FC4A36E00E1F77E /* Resources */,
				A1B2C3D41E5F678901234551 /* Embed Foundation Extensions */,
			);
			buildRules = (
			);
			dependencies = (
				A1B2C3D41E5F678901234581 /* PBXTargetDependency */,
			);
			fileSystemSynchronizedGroups = (
				39C89C402FC4A36E00E1F77E /* commute */,
				39C89C6B2FC4A3D300E1F77E /* docs */,
				39C89C782FC4A50000E1F77E /* core */,
				39C89C792FC4A50100E1F77E /* features */,
				39C89C7A2FC4A50200E1F77E /* app */,
				39C89C7B2FC4A50300E1F77E /* preview */,
			);
			name = commute;
			packageProductDependencies = (
				A1B2C3D41E5F678901234511 /* CommuteKit */,
			);
			productName = commute;
			productReference = 39C89C3E2FC4A36E00E1F77E /* commute.app */;
			productType = "com.apple.product-type.application";
		};
		39C89C4A2FC4A36F00E1F77E /* commuteTests */ = {
			isa = PBXNativeTarget;
			buildConfigurationList = 39C89C622FC4A36F00E1F77E /* Build configuration list for PBXNativeTarget "commuteTests" */;
			buildPhases = (
				39C89C472FC4A36F00E1F77E /* Sources */,
				39C89C482FC4A36F00E1F77E /* Frameworks */,
				39C89C492FC4A36F00E1F77E /* Resources */,
			);
			buildRules = (
			);
			dependencies = (
				39C89C4D2FC4A36F00E1F77E /* PBXTargetDependency */,
			);
			fileSystemSynchronizedGroups = (
				39C89C4E2FC4A36F00E1F77E /* commuteTests */,
			);
			name = commuteTests;
			packageProductDependencies = (
				A1B2C3D41E5F678901234513 /* CommuteKit */,
			);
			productName = commuteTests;
			productReference = 39C89C4B2FC4A36F00E1F77E /* commuteTests.xctest */;
			productType = "com.apple.product-type.bundle.unit-test";
		};
		39C89C542FC4A36F00E1F77E /* commuteUITests */ = {
			isa = PBXNativeTarget;
			buildConfigurationList = 39C89C652FC4A36F00E1F77E /* Build configuration list for PBXNativeTarget "commuteUITests" */;
			buildPhases = (
				39C89C512FC4A36F00E1F77E /* Sources */,
				39C89C522FC4A36F00E1F77E /* Frameworks */,
				39C89C532FC4A36F00E1F77E /* Resources */,
			);
			buildRules = (
			);
			dependencies = (
				39C89C572FC4A36F00E1F77E /* PBXTargetDependency */,
			);
			fileSystemSynchronizedGroups = (
				39C89C582FC4A36F00E1F77E /* commuteUITests */,
			);
			name = commuteUITests;
			packageProductDependencies = (
			);
			productName = commuteUITests;
			productReference = 39C89C552FC4A36F00E1F77E /* commuteUITests.xctest */;
			productType = "com.apple.product-type.bundle.ui-testing";
		};
		A1B2C3D41E5F678901234541 /* CommuteWidgets */ = {
			isa = PBXNativeTarget;
			buildConfigurationList = A1B2C3D41E5F678901234591 /* Build configuration list for PBXNativeTarget "CommuteWidgets" */;
			buildPhases = (
				A1B2C3D41E5F678901234601 /* Sources */,
				A1B2C3D41E5F678901234571 /* Frameworks */,
				A1B2C3D41E5F678901234611 /* Resources */,
			);
			buildRules = (
			);
			dependencies = (
			);
			fileSystemSynchronizedGroups = (
				A1B2C3D41E5F678901234561 /* CommuteWidgets */,
			);
			name = CommuteWidgets;
			packageProductDependencies = (
				A1B2C3D41E5F678901234512 /* CommuteKit */,
			);
			productName = CommuteWidgets;
			productReference = A1B2C3D41E5F678901234521 /* CommuteWidgets.appex */;
			productType = "com.apple.product-type.app-extension";
		};
/* End PBXNativeTarget section */

/* Begin PBXProject section */
		39C89C362FC4A36E00E1F77E /* Project object */ = {
			isa = PBXProject;
			attributes = {
				BuildIndependentTargetsInParallel = 1;
				LastSwiftUpdateCheck = 2650;
				LastUpgradeCheck = 2650;
				TargetAttributes = {
					39C89C3D2FC4A36E00E1F77E = {
						CreatedOnToolsVersion = 26.5;
					};
					39C89C4A2FC4A36F00E1F77E = {
						CreatedOnToolsVersion = 26.5;
						TestTargetID = 39C89C3D2FC4A36E00E1F77E;
					};
					39C89C542FC4A36F00E1F77E = {
						CreatedOnToolsVersion = 26.5;
						TestTargetID = 39C89C3D2FC4A36E00E1F77E;
					};
				};
			};
			buildConfigurationList = 39C89C392FC4A36E00E1F77E /* Build configuration list for PBXProject "commute" */;
			developmentRegion = en;
			hasScannedForEncodings = 0;
			knownRegions = (
				en,
				Base,
			);
			mainGroup = 39C89C352FC4A36E00E1F77E;
			minimizedProjectReferenceProxies = 1;
			packageReferences = (
				A1B2C3D41E5F678901234621 /* XCLocalSwiftPackageReference "CommuteKit" */,
			);
			preferredProjectObjectVersion = 77;
			productRefGroup = 39C89C3F2FC4A36E00E1F77E /* Products */;
			projectDirPath = "";
			projectRoot = "";
			targets = (
				39C89C3D2FC4A36E00E1F77E /* commute */,
				39C89C4A2FC4A36F00E1F77E /* commuteTests */,
				39C89C542FC4A36F00E1F77E /* commuteUITests */,
				A1B2C3D41E5F678901234541 /* CommuteWidgets */,
			);
		};
/* End PBXProject section */

/* Begin PBXResourcesBuildPhase section */
		39C89C3C2FC4A36E00E1F77E /* Resources */ = {
			isa = PBXResourcesBuildPhase;
			buildActionMask = 2147483647;
			files = (
			);
			runOnlyForDeploymentPostprocessing = 0;
		};
		39C89C492FC4A36F00E1F77E /* Resources */ = {
			isa = PBXResourcesBuildPhase;
			buildActionMask = 2147483647;
			files = (
			);
			runOnlyForDeploymentPostprocessing = 0;
		};
		39C89C532FC4A36F00E1F77E /* Resources */ = {
			isa = PBXResourcesBuildPhase;
			buildActionMask = 2147483647;
			files = (
			);
			runOnlyForDeploymentPostprocessing = 0;
		};
		A1B2C3D41E5F678901234611 /* Resources */ = {
			isa = PBXResourcesBuildPhase;
			buildActionMask = 2147483647;
			files = (
			);
			runOnlyForDeploymentPostprocessing = 0;
		};
/* End PBXResourcesBuildPhase section */

/* Begin PBXSourcesBuildPhase section */
		39C89C3A2FC4A36E00E1F77E /* Sources */ = {
			isa = PBXSourcesBuildPhase;
			buildActionMask = 2147483647;
			files = (
			);
			runOnlyForDeploymentPostprocessing = 0;
		};
		39C89C472FC4A36F00E1F77E /* Sources */ = {
			isa = PBXSourcesBuildPhase;
			buildActionMask = 2147483647;
			files = (
			);
			runOnlyForDeploymentPostprocessing = 0;
		};
		39C89C512FC4A36F00E1F77E /* Sources */ = {
			isa = PBXSourcesBuildPhase;
			buildActionMask = 2147483647;
			files = (
			);
			runOnlyForDeploymentPostprocessing = 0;
		};
		A1B2C3D41E5F678901234601 /* Sources */ = {
			isa = PBXSourcesBuildPhase;
			buildActionMask = 2147483647;
			files = (
			);
			runOnlyForDeploymentPostprocessing = 0;
		};
/* End PBXSourcesBuildPhase section */

/* Begin PBXTargetDependency section */
		39C89C4D2FC4A36F00E1F77E /* PBXTargetDependency */ = {
			isa = PBXTargetDependency;
			target = 39C89C3D2FC4A36E00E1F77E /* commute */;
			targetProxy = 39C89C4C2FC4A36F00E1F77E /* PBXContainerItemProxy */;
		};
		39C89C572FC4A36F00E1F77E /* PBXTargetDependency */ = {
			isa = PBXTargetDependency;
			target = 39C89C3D2FC4A36E00E1F77E /* commute */;
			targetProxy = 39C89C562FC4A36F00E1F77E /* PBXContainerItemProxy */;
		};
		A1B2C3D41E5F678901234581 /* PBXTargetDependency */ = {
			isa = PBXTargetDependency;
			target = A1B2C3D41E5F678901234541 /* CommuteWidgets */;
			targetProxy = A1B2C3D41E5F678901234531 /* PBXContainerItemProxy */;
		};
/* End PBXTargetDependency section */

/* Begin XCBuildConfiguration section */
		39C89C5D2FC4A36F00E1F77E /* Debug */ = {
			isa = XCBuildConfiguration;
			buildSettings = {
				ALWAYS_SEARCH_USER_PATHS = NO;
				ASSETCATALOG_COMPILER_GENERATE_SWIFT_ASSET_SYMBOL_EXTENSIONS = YES;
				CLANG_ANALYZER_NONNULL = YES;
				CLANG_ANALYZER_NUMBER_OBJECT_CONVERSION = YES_AGGRESSIVE;
				CLANG_CXX_LANGUAGE_STANDARD = "gnu++20";
				CLANG_ENABLE_MODULES = YES;
				CLANG_ENABLE_OBJC_ARC = YES;
				CLANG_ENABLE_OBJC_WEAK = YES;
				CLANG_WARN_BLOCK_CAPTURE_AUTORELEASING = YES;
				CLANG_WARN_BOOL_CONVERSION = YES;
				CLANG_WARN_COMMA = YES;
				CLANG_WARN_CONSTANT_CONVERSION = YES;
				CLANG_WARN_DEPRECATED_OBJC_IMPLEMENTATIONS = YES;
				CLANG_WARN_DIRECT_OBJC_ISA_USAGE = YES_ERROR;
				CLANG_WARN_DOCUMENTATION_COMMENTS = YES;
				CLANG_WARN_EMPTY_BODY = YES;
				CLANG_WARN_ENUM_CONVERSION = YES;
				CLANG_WARN_INFINITE_RECURSION = YES;
				CLANG_WARN_INT_CONVERSION = YES;
				CLANG_WARN_NON_LITERAL_NULL_CONVERSION = YES;
				CLANG_WARN_OBJC_IMPLICIT_RETAIN_SELF = YES;
				CLANG_WARN_OBJC_LITERAL_CONVERSION = YES;
				CLANG_WARN_OBJC_ROOT_CLASS = YES_ERROR;
				CLANG_WARN_QUOTED_INCLUDE_IN_FRAMEWORK_HEADER = YES;
				CLANG_WARN_RANGE_LOOP_ANALYSIS = YES;
				CLANG_WARN_STRICT_PROTOTYPES = YES;
				CLANG_WARN_SUSPICIOUS_MOVE = YES;
				CLANG_WARN_UNGUARDED_AVAILABILITY = YES_AGGRESSIVE;
				CLANG_WARN_UNREACHABLE_CODE = YES;
				CLANG_WARN__DUPLICATE_METHOD_MATCH = YES;
				COPY_PHASE_STRIP = NO;
				DEBUG_INFORMATION_FORMAT = dwarf;
				DEVELOPMENT_TEAM = 9P29AQ6R62;
				ENABLE_STRICT_OBJC_MSGSEND = YES;
				ENABLE_TESTABILITY = YES;
				ENABLE_USER_SCRIPT_SANDBOXING = YES;
				GCC_C_LANGUAGE_STANDARD = gnu17;
				GCC_DYNAMIC_NO_PIC = NO;
				GCC_NO_COMMON_BLOCKS = YES;
				GCC_OPTIMIZATION_LEVEL = 0;
				GCC_PREPROCESSOR_DEFINITIONS = (
					"DEBUG=1",
					"$(inherited)",
				);
				GCC_WARN_64_TO_32_BIT_CONVERSION = YES;
				GCC_WARN_ABOUT_RETURN_TYPE = YES_ERROR;
				GCC_WARN_UNDECLARED_SELECTOR = YES;
				GCC_WARN_UNINITIALIZED_AUTOS = YES_AGGRESSIVE;
				GCC_WARN_UNUSED_FUNCTION = YES;
				GCC_WARN_UNUSED_VARIABLE = YES;
				IPHONEOS_DEPLOYMENT_TARGET = 26.5;
				LOCALIZATION_PREFERS_STRING_CATALOGS = YES;
				MTL_ENABLE_DEBUG_INFO = INCLUDE_SOURCE;
				MTL_FAST_MATH = YES;
				ONLY_ACTIVE_ARCH = YES;
				SDKROOT = iphoneos;
				SWIFT_ACTIVE_COMPILATION_CONDITIONS = "DEBUG $(inherited)";
				SWIFT_OPTIMIZATION_LEVEL = "-Onone";
			};
			name = Debug;
		};
		39C89C5E2FC4A36F00E1F77E /* Release */ = {
			isa = XCBuildConfiguration;
			buildSettings = {
				ALWAYS_SEARCH_USER_PATHS = NO;
				ASSETCATALOG_COMPILER_GENERATE_SWIFT_ASSET_SYMBOL_EXTENSIONS = YES;
				CLANG_ANALYZER_NONNULL = YES;
				CLANG_ANALYZER_NUMBER_OBJECT_CONVERSION = YES_AGGRESSIVE;
				CLANG_CXX_LANGUAGE_STANDARD = "gnu++20";
				CLANG_ENABLE_MODULES = YES;
				CLANG_ENABLE_OBJC_ARC = YES;
				CLANG_ENABLE_OBJC_WEAK = YES;
				CLANG_WARN_BLOCK_CAPTURE_AUTORELEASING = YES;
				CLANG_WARN_BOOL_CONVERSION = YES;
				CLANG_WARN_COMMA = YES;
				CLANG_WARN_CONSTANT_CONVERSION = YES;
				CLANG_WARN_DEPRECATED_OBJC_IMPLEMENTATIONS = YES;
				CLANG_WARN_DIRECT_OBJC_ISA_USAGE = YES_ERROR;
				CLANG_WARN_DOCUMENTATION_COMMENTS = YES;
				CLANG_WARN_EMPTY_BODY = YES;
				CLANG_WARN_ENUM_CONVERSION = YES;
				CLANG_WARN_INFINITE_RECURSION = YES;
				CLANG_WARN_INT_CONVERSION = YES;
				CLANG_WARN_NON_LITERAL_NULL_CONVERSION = YES;
				CLANG_WARN_OBJC_IMPLICIT_RETAIN_SELF = YES;
				CLANG_WARN_OBJC_LITERAL_CONVERSION = YES;
				CLANG_WARN_OBJC_ROOT_CLASS = YES_ERROR;
				CLANG_WARN_QUOTED_INCLUDE_IN_FRAMEWORK_HEADER = YES;
				CLANG_WARN_RANGE_LOOP_ANALYSIS = YES;
				CLANG_WARN_STRICT_PROTOTYPES = YES;
				CLANG_WARN_SUSPICIOUS_MOVE = YES;
				CLANG_WARN_UNGUARDED_AVAILABILITY = YES_AGGRESSIVE;
				CLANG_WARN_UNREACHABLE_CODE = YES;
				CLANG_WARN__DUPLICATE_METHOD_MATCH = YES;
				COPY_PHASE_STRIP = NO;
				DEBUG_INFORMATION_FORMAT = "dwarf-with-dsym";
				DEVELOPMENT_TEAM = 9P29AQ6R62;
				ENABLE_NS_ASSERTIONS = NO;
				ENABLE_STRICT_OBJC_MSGSEND = YES;
				ENABLE_USER_SCRIPT_SANDBOXING = YES;
				GCC_C_LANGUAGE_STANDARD = gnu17;
				GCC_NO_COMMON_BLOCKS = YES;
				GCC_WARN_64_TO_32_BIT_CONVERSION = YES;
				GCC_WARN_ABOUT_RETURN_TYPE = YES_ERROR;
				GCC_WARN_UNDECLARED_SELECTOR = YES;
				GCC_WARN_UNINITIALIZED_AUTOS = YES_AGGRESSIVE;
				GCC_WARN_UNUSED_FUNCTION = YES;
				GCC_WARN_UNUSED_VARIABLE = YES;
				IPHONEOS_DEPLOYMENT_TARGET = 26.5;
				LOCALIZATION_PREFERS_STRING_CATALOGS = YES;
				MTL_ENABLE_DEBUG_INFO = NO;
				MTL_FAST_MATH = YES;
				SDKROOT = iphoneos;
				SWIFT_COMPILATION_MODE = wholemodule;
				VALIDATE_PRODUCT = YES;
			};
			name = Release;
		};
		39C89C602FC4A36F00E1F77E /* Debug */ = {
			isa = XCBuildConfiguration;
			buildSettings = {
				ASSETCATALOG_COMPILER_APPICON_NAME = AppIcon;
				ASSETCATALOG_COMPILER_GLOBAL_ACCENT_COLOR_NAME = AccentColor;
				CODE_SIGN_ENTITLEMENTS = "commute/commute.entitlements";
				CODE_SIGN_STYLE = Automatic;
				CURRENT_PROJECT_VERSION = 1;
				DEVELOPMENT_TEAM = 9P29AQ6R62;
				ENABLE_PREVIEWS = YES;
				GENERATE_INFOPLIST_FILE = YES;
				INFOPLIST_KEY_BGTaskSchedulerPermittedIdentifiers = "dev.jh.commute.commute-check";
				INFOPLIST_KEY_NSLocationAlwaysAndWhenInUseUsageDescription = "Commute uses your location to provide proactive leave-time prompts and journey context, even when the app is not open.";
				INFOPLIST_KEY_NSLocationWhenInUseUsageDescription = "Commute uses your location to find nearby places and plan your journey.";
				INFOPLIST_KEY_NSSupportsLiveActivities = YES;
				INFOPLIST_KEY_UIApplicationSceneManifest_Generation = YES;
				INFOPLIST_KEY_UIApplicationSupportsIndirectInputEvents = YES;
				INFOPLIST_KEY_UILaunchScreen_Generation = YES;
				INFOPLIST_KEY_UISupportedInterfaceOrientations_iPad = "UIInterfaceOrientationPortrait UIInterfaceOrientationPortraitUpsideDown UIInterfaceOrientationLandscapeLeft UIInterfaceOrientationLandscapeRight";
				INFOPLIST_KEY_UISupportedInterfaceOrientations_iPhone = "UIInterfaceOrientationPortrait UIInterfaceOrientationLandscapeLeft UIInterfaceOrientationLandscapeRight";
				LD_RUNPATH_SEARCH_PATHS = (
					"$(inherited)",
					"@executable_path/Frameworks",
				);
				MARKETING_VERSION = 1.0;
				PRODUCT_BUNDLE_IDENTIFIER = dev.jh.commute;
				PRODUCT_NAME = "$(TARGET_NAME)";
				STRING_CATALOG_GENERATE_SYMBOLS = YES;
				SWIFT_APPROACHABLE_CONCURRENCY = YES;
				SWIFT_DEFAULT_ACTOR_ISOLATION = MainActor;
				SWIFT_EMIT_LOC_STRINGS = YES;
				SWIFT_UPCOMING_FEATURE_MEMBER_IMPORT_VISIBILITY = YES;
				SWIFT_VERSION = 5.0;
				TARGETED_DEVICE_FAMILY = "1,2";
			};
			name = Debug;
		};
		39C89C612FC4A36F00E1F77E /* Release */ = {
			isa = XCBuildConfiguration;
			buildSettings = {
				ASSETCATALOG_COMPILER_APPICON_NAME = AppIcon;
				ASSETCATALOG_COMPILER_GLOBAL_ACCENT_COLOR_NAME = AccentColor;
				CODE_SIGN_ENTITLEMENTS = "commute/commute.entitlements";
				CODE_SIGN_STYLE = Automatic;
				CURRENT_PROJECT_VERSION = 1;
				DEVELOPMENT_TEAM = 9P29AQ6R62;
				ENABLE_PREVIEWS = YES;
				GENERATE_INFOPLIST_FILE = YES;
				INFOPLIST_KEY_BGTaskSchedulerPermittedIdentifiers = "dev.jh.commute.commute-check";
				INFOPLIST_KEY_NSLocationAlwaysAndWhenInUseUsageDescription = "Commute uses your location to provide proactive leave-time prompts and journey context, even when the app is not open.";
				INFOPLIST_KEY_NSLocationWhenInUseUsageDescription = "Commute uses your location to find nearby places and plan your journey.";
				INFOPLIST_KEY_NSSupportsLiveActivities = YES;
				INFOPLIST_KEY_UIApplicationSceneManifest_Generation = YES;
				INFOPLIST_KEY_UIApplicationSupportsIndirectInputEvents = YES;
				INFOPLIST_KEY_UILaunchScreen_Generation = YES;
				INFOPLIST_KEY_UISupportedInterfaceOrientations_iPad = "UIInterfaceOrientationPortrait UIInterfaceOrientationPortraitUpsideDown UIInterfaceOrientationLandscapeLeft UIInterfaceOrientationLandscapeRight";
				INFOPLIST_KEY_UISupportedInterfaceOrientations_iPhone = "UIInterfaceOrientationPortrait UIInterfaceOrientationLandscapeLeft UIInterfaceOrientationLandscapeRight";
				LD_RUNPATH_SEARCH_PATHS = (
					"$(inherited)",
					"@executable_path/Frameworks",
				);
				MARKETING_VERSION = 1.0;
				PRODUCT_BUNDLE_IDENTIFIER = jh.commute;
				PRODUCT_NAME = "$(TARGET_NAME)";
				STRING_CATALOG_GENERATE_SYMBOLS = YES;
				SWIFT_APPROACHABLE_CONCURRENCY = YES;
				SWIFT_DEFAULT_ACTOR_ISOLATION = MainActor;
				SWIFT_EMIT_LOC_STRINGS = YES;
				SWIFT_UPCOMING_FEATURE_MEMBER_IMPORT_VISIBILITY = YES;
				SWIFT_VERSION = 5.0;
				TARGETED_DEVICE_FAMILY = "1,2";
			};
			name = Release;
		};
		39C89C632FC4A36F00E1F77E /* Debug */ = {
			isa = XCBuildConfiguration;
			buildSettings = {
				BUNDLE_LOADER = "$(TEST_HOST)";
				CODE_SIGN_STYLE = Automatic;
				CURRENT_PROJECT_VERSION = 1;
				DEVELOPMENT_TEAM = 9P29AQ6R62;
				GENERATE_INFOPLIST_FILE = YES;
				IPHONEOS_DEPLOYMENT_TARGET = 26.5;
				MARKETING_VERSION = 1.0;
				PRODUCT_BUNDLE_IDENTIFIER = jh.commuteTests;
				PRODUCT_NAME = "$(TARGET_NAME)";
				STRING_CATALOG_GENERATE_SYMBOLS = NO;
				SWIFT_APPROACHABLE_CONCURRENCY = YES;
				SWIFT_EMIT_LOC_STRINGS = NO;
				SWIFT_UPCOMING_FEATURE_MEMBER_IMPORT_VISIBILITY = YES;
				SWIFT_VERSION = 5.0;
				TARGETED_DEVICE_FAMILY = "1,2";
				TEST_HOST = "$(BUILT_PRODUCTS_DIR)/commute.app/$(BUNDLE_EXECUTABLE_FOLDER_PATH)/commute";
			};
			name = Debug;
		};
		39C89C642FC4A36F00E1F77E /* Release */ = {
			isa = XCBuildConfiguration;
			buildSettings = {
				BUNDLE_LOADER = "$(TEST_HOST)";
				CODE_SIGN_STYLE = Automatic;
				CURRENT_PROJECT_VERSION = 1;
				DEVELOPMENT_TEAM = 9P29AQ6R62;
				GENERATE_INFOPLIST_FILE = YES;
				IPHONEOS_DEPLOYMENT_TARGET = 26.5;
				MARKETING_VERSION = 1.0;
				PRODUCT_BUNDLE_IDENTIFIER = jh.commuteTests;
				PRODUCT_NAME = "$(TARGET_NAME)";
				STRING_CATALOG_GENERATE_SYMBOLS = NO;
				SWIFT_APPROACHABLE_CONCURRENCY = YES;
				SWIFT_EMIT_LOC_STRINGS = NO;
				SWIFT_UPCOMING_FEATURE_MEMBER_IMPORT_VISIBILITY = YES;
				SWIFT_VERSION = 5.0;
				TARGETED_DEVICE_FAMILY = "1,2";
				TEST_HOST = "$(BUILT_PRODUCTS_DIR)/commute.app/$(BUNDLE_EXECUTABLE_FOLDER_PATH)/commute";
			};
			name = Release;
		};
		39C89C662FC4A36F00E1F77E /* Debug */ = {
			isa = XCBuildConfiguration;
			buildSettings = {
				CODE_SIGN_STYLE = Automatic;
				CURRENT_PROJECT_VERSION = 1;
				DEVELOPMENT_TEAM = 9P29AQ6R62;
				GENERATE_INFOPLIST_FILE = YES;
				MARKETING_VERSION = 1.0;
				PRODUCT_BUNDLE_IDENTIFIER = jh.commuteUITests;
				PRODUCT_NAME = "$(TARGET_NAME)";
				STRING_CATALOG_GENERATE_SYMBOLS = NO;
				SWIFT_APPROACHABLE_CONCURRENCY = YES;
				SWIFT_EMIT_LOC_STRINGS = NO;
				SWIFT_UPCOMING_FEATURE_MEMBER_IMPORT_VISIBILITY = YES;
				SWIFT_VERSION = 5.0;
				TARGETED_DEVICE_FAMILY = "1,2";
				TEST_TARGET_NAME = commute;
			};
			name = Debug;
		};
		39C89C672FC4A36F00E1F77E /* Release */ = {
			isa = XCBuildConfiguration;
			buildSettings = {
				CODE_SIGN_STYLE = Automatic;
				CURRENT_PROJECT_VERSION = 1;
				DEVELOPMENT_TEAM = 9P29AQ6R62;
				GENERATE_INFOPLIST_FILE = YES;
				MARKETING_VERSION = 1.0;
				PRODUCT_BUNDLE_IDENTIFIER = jh.commuteUITests;
				PRODUCT_NAME = "$(TARGET_NAME)";
				STRING_CATALOG_GENERATE_SYMBOLS = NO;
				SWIFT_APPROACHABLE_CONCURRENCY = YES;
				SWIFT_EMIT_LOC_STRINGS = NO;
				SWIFT_UPCOMING_FEATURE_MEMBER_IMPORT_VISIBILITY = YES;
				SWIFT_VERSION = 5.0;
				TARGETED_DEVICE_FAMILY = "1,2";
				TEST_TARGET_NAME = commute;
			};
			name = Release;
		};
		A1B2C3D41E5F678901234592 /* Debug */ = {
			isa = XCBuildConfiguration;
			buildSettings = {
				CODE_SIGN_ENTITLEMENTS = "CommuteWidgets/CommuteWidgets.entitlements";
				CODE_SIGN_STYLE = Automatic;
				CURRENT_PROJECT_VERSION = 1;
				DEVELOPMENT_TEAM = 9P29AQ6R62;
				GENERATE_INFOPLIST_FILE = YES;
				INFOPLIST_FILE = "CommuteWidgets-Info.plist";
				INFOPLIST_KEY_CFBundleDisplayName = CommuteWidgets;
				LD_RUNPATH_SEARCH_PATHS = (
					"$(inherited)",
					"@executable_path/Frameworks",
					"@executable_path/../../Frameworks",
				);
				MARKETING_VERSION = 1.0;
				PRODUCT_BUNDLE_IDENTIFIER = dev.jh.commute.CommuteWidgets;
				PRODUCT_NAME = "$(TARGET_NAME)";
				SDKROOT = iphoneos;
				SKIP_INSTALL = YES;
				SWIFT_APPROACHABLE_CONCURRENCY = YES;
				SWIFT_DEFAULT_ACTOR_ISOLATION = MainActor;
				SWIFT_EMIT_LOC_STRINGS = YES;
				SWIFT_UPCOMING_FEATURE_MEMBER_IMPORT_VISIBILITY = YES;
				SWIFT_VERSION = 5.0;
				TARGETED_DEVICE_FAMILY = "1,2";
			};
			name = Debug;
		};
		A1B2C3D41E5F678901234593 /* Release */ = {
			isa = XCBuildConfiguration;
			buildSettings = {
				CODE_SIGN_ENTITLEMENTS = "CommuteWidgets/CommuteWidgets.entitlements";
				CODE_SIGN_STYLE = Automatic;
				CURRENT_PROJECT_VERSION = 1;
				DEVELOPMENT_TEAM = 9P29AQ6R62;
				GENERATE_INFOPLIST_FILE = YES;
				INFOPLIST_FILE = "CommuteWidgets-Info.plist";
				INFOPLIST_KEY_CFBundleDisplayName = CommuteWidgets;
				LD_RUNPATH_SEARCH_PATHS = (
					"$(inherited)",
					"@executable_path/Frameworks",
					"@executable_path/../../Frameworks",
				);
				MARKETING_VERSION = 1.0;
				PRODUCT_BUNDLE_IDENTIFIER = jh.commute.CommuteWidgets;
				PRODUCT_NAME = "$(TARGET_NAME)";
				SDKROOT = iphoneos;
				SKIP_INSTALL = YES;
				SWIFT_APPROACHABLE_CONCURRENCY = YES;
				SWIFT_DEFAULT_ACTOR_ISOLATION = MainActor;
				SWIFT_EMIT_LOC_STRINGS = YES;
				SWIFT_UPCOMING_FEATURE_MEMBER_IMPORT_VISIBILITY = YES;
				SWIFT_VERSION = 5.0;
				TARGETED_DEVICE_FAMILY = "1,2";
				VALIDATE_PRODUCT = YES;
			};
			name = Release;
		};
/* End XCBuildConfiguration section */

/* Begin XCConfigurationList section */
		39C89C392FC4A36E00E1F77E /* Build configuration list for PBXProject "commute" */ = {
			isa = XCConfigurationList;
			buildConfigurations = (
				39C89C5D2FC4A36F00E1F77E /* Debug */,
				39C89C5E2FC4A36F00E1F77E /* Release */,
			);
			defaultConfigurationIsVisible = 0;
			defaultConfigurationName = Release;
		};
		39C89C5F2FC4A36F00E1F77E /* Build configuration list for PBXNativeTarget "commute" */ = {
			isa = XCConfigurationList;
			buildConfigurations = (
				39C89C602FC4A36F00E1F77E /* Debug */,
				39C89C612FC4A36F00E1F77E /* Release */,
			);
			defaultConfigurationIsVisible = 0;
			defaultConfigurationName = Release;
		};
		39C89C622FC4A36F00E1F77E /* Build configuration list for PBXNativeTarget "commuteTests" */ = {
			isa = XCConfigurationList;
			buildConfigurations = (
				39C89C632FC4A36F00E1F77E /* Debug */,
				39C89C642FC4A36F00E1F77E /* Release */,
			);
			defaultConfigurationIsVisible = 0;
			defaultConfigurationName = Release;
		};
		39C89C652FC4A36F00E1F77E /* Build configuration list for PBXNativeTarget "commuteUITests" */ = {
			isa = XCConfigurationList;
			buildConfigurations = (
				39C89C662FC4A36F00E1F77E /* Debug */,
				39C89C672FC4A36F00E1F77E /* Release */,
			);
			defaultConfigurationIsVisible = 0;
			defaultConfigurationName = Release;
		};
		A1B2C3D41E5F678901234591 /* Build configuration list for PBXNativeTarget "CommuteWidgets" */ = {
			isa = XCConfigurationList;
			buildConfigurations = (
				A1B2C3D41E5F678901234592 /* Debug */,
				A1B2C3D41E5F678901234593 /* Release */,
			);
			defaultConfigurationIsVisible = 0;
			defaultConfigurationName = Release;
		};
/* End XCConfigurationList section */

/* Begin XCLocalSwiftPackageReference section */
		A1B2C3D41E5F678901234621 /* XCLocalSwiftPackageReference "CommuteKit" */ = {
			isa = XCLocalSwiftPackageReference;
			relativePath = CommuteKit;
		};
/* End XCLocalSwiftPackageReference section */

/* Begin XCSwiftPackageProductDependency section */
		A1B2C3D41E5F678901234511 /* CommuteKit */ = {
			isa = XCSwiftPackageProductDependency;
			package = A1B2C3D41E5F678901234621 /* XCLocalSwiftPackageReference "CommuteKit" */;
			productName = CommuteKit;
		};
		A1B2C3D41E5F678901234512 /* CommuteKit */ = {
			isa = XCSwiftPackageProductDependency;
			package = A1B2C3D41E5F678901234621 /* XCLocalSwiftPackageReference "CommuteKit" */;
			productName = CommuteKit;
		};
		A1B2C3D41E5F678901234513 /* CommuteKit */ = {
			isa = XCSwiftPackageProductDependency;
			package = A1B2C3D41E5F678901234621 /* XCLocalSwiftPackageReference "CommuteKit" */;
			productName = CommuteKit;
		};
/* End XCSwiftPackageProductDependency section */
	};
	rootObject = 39C89C362FC4A36E00E1F77E /* Project object */;
}
